
Microsoft Visual Studio Solution File, Format Version 12.00
Project("{FAE04EC0-301F-11D3-BF4B-00C04F79EFBC}") = "ProductActor.Tests", "tests\ProductActor.Tests\ProductActor.Tests.csproj", "{2542B94A-3A37-40EF-8DCC-D55813E879D2}"
EndProject
Project("{FAE04EC0-301F-11D3-BF4B-00C04F79EFBC}") = "ProductApi", "src\ProductApi\ProductApi.csproj", "{7A6E200A-98E0-4A85-83DD-B20BD7453C0E}"
EndProject
Project("{2150E333-8FDC-42A3-9474-1A3956D46DE8}") = "src", "src", "{05FD2367-B4E1-499A-B108-A8247616AB8C}"
EndProject
Project("{2150E333-8FDC-42A3-9474-1A3956D46DE8}") = "tests", "tests", "{848AAEF8-1146-436A-BE24-95D2E632A74B}"
EndProject
Project("{FAE04EC0-301F-11D3-BF4B-00C04F79EFBC}") = "ProductActor.Contracts", "src\ProductActor.Contracts\ProductActor.Contracts.csproj", "{A62C4C81-D790-45DA-BF7F-D885AB64E5DE}"
EndProject
Project("{FAE04EC0-301F-11D3-BF4B-00C04F79EFBC}") = "ProductActor.Grains", "src\ProductActor.Grains\ProductActor.Grains.csproj", "{22D8A83F-5DEF-48DA-B0C2-BFC059A0A05B}"
EndProject
Project("{FAE04EC0-301F-11D3-BF4B-00C04F79EFBC}") = "ProductActor.Host", "src\ProductActor.Host\ProductActor.Host.csproj", "{17A6CBF2-A151-49F2-A2E0-50D0FE007D55}"
EndProject
Project("{FAE04EC0-301F-11D3-BF4B-00C04F79EFBC}") = "ProductActor.Api", "src\ProductActor.Api\ProductActor.Api.csproj", "{F560665D-9E41-4D70-93EB-F482E8509FE8}"
EndProject
Project("{FAE04EC0-301F-11D3-BF4B-00C04F79EFBC}") = "ProductActor.Host1", "src\ProductActor.Host1\ProductActor.Host1.csproj", "{61FAA3B0-F8AF-4AF9-809C-AE07BA9B221E}"
EndProject
Global
	GlobalSection(SolutionConfigurationPlatforms) = preSolution
		Debug|Any CPU = Debug|Any CPU
		Release|Any CPU = Release|Any CPU
	EndGlobalSection
	GlobalSection(ProjectConfigurationPlatforms) = postSolution
		{2542B94A-3A37-40EF-8DCC-D55813E879D2}.Debug|Any CPU.ActiveCfg = Debug|Any CPU
		{2542B94A-3A37-40EF-8DCC-D55813E879D2}.Debug|Any CPU.Build.0 = Debug|Any CPU
		{2542B94A-3A37-40EF-8DCC-D55813E879D2}.Release|Any CPU.ActiveCfg = Release|Any CPU
		{2542B94A-3A37-40EF-8DCC-D55813E879D2}.Release|Any CPU.Build.0 = Release|Any CPU
		{7A6E200A-98E0-4A85-83DD-B20BD7453C0E}.Debug|Any CPU.ActiveCfg = Debug|Any CPU
		{7A6E200A-98E0-4A85-83DD-B20BD7453C0E}.Debug|Any CPU.Build.0 = Debug|Any CPU
		{7A6E200A-98E0-4A85-83DD-B20BD7453C0E}.Release|Any CPU.ActiveCfg = Release|Any CPU
		{7A6E200A-98E0-4A85-83DD-B20BD7453C0E}.Release|Any CPU.Build.0 = Release|Any CPU
		{A62C4C81-D790-45DA-BF7F-D885AB64E5DE}.Debug|Any CPU.ActiveCfg = Debug|Any CPU
		{A62C4C81-D790-45DA-BF7F-D885AB64E5DE}.Debug|Any CPU.Build.0 = Debug|Any CPU
		{A62C4C81-D790-45DA-BF7F-D885AB64E5DE}.Release|Any CPU.ActiveCfg = Release|Any CPU
		{A62C4C81-D790-45DA-BF7F-D885AB64E5DE}.Release|Any CPU.Build.0 = Release|Any CPU
		{22D8A83F-5DEF-48DA-B0C2-BFC059A0A05B}.Debug|Any CPU.ActiveCfg = Debug|Any CPU
		{22D8A83F-5DEF-48DA-B0C2-BFC059A0A05B}.Debug|Any CPU.Build.0 = Debug|Any CPU
		{22D8A83F-5DEF-48DA-B0C2-BFC059A0A05B}.Release|Any CPU.ActiveCfg = Release|Any CPU
		{22D8A83F-5DEF-48DA-B0C2-BFC059A0A05B}.Release|Any CPU.Build.0 = Release|Any CPU
		{17A6CBF2-A151-49F2-A2E0-50D0FE007D55}.Debug|Any CPU.ActiveCfg = Debug|Any CPU
		{17A6CBF2-A151-49F2-A2E0-50D0FE007D55}.Debug|Any CPU.Build.0 = Debug|Any CPU
		{17A6CBF2-A151-49F2-A2E0-50D0FE007D55}.Release|Any CPU.ActiveCfg = Release|Any CPU
		{17A6CBF2-A151-49F2-A2E0-50D0FE007D55}.Release|Any CPU.Build.0 = Release|Any CPU
		{F560665D-9E41-4D70-93EB-F482E8509FE8}.Debug|Any CPU.ActiveCfg = Debug|Any CPU
		{F560665D-9E41-4D70-93EB-F482E8509FE8}.Debug|Any CPU.Build.0 = Debug|Any CPU
		{F560665D-9E41-4D70-93EB-F482E8509FE8}.Release|Any CPU.ActiveCfg = Release|Any CPU
		{F560665D-9E41-4D70-93EB-F482E8509FE8}.Release|Any CPU.Build.0 = Release|Any CPU
		{61FAA3B0-F8AF-4AF9-809C-AE07BA9B221E}.Debug|Any CPU.ActiveCfg = Debug|Any CPU
		{61FAA3B0-F8AF-4AF9-809C-AE07BA9B221E}.Debug|Any CPU.Build.0 = Debug|Any CPU
		{61FAA3B0-F8AF-4AF9-809C-AE07BA9B221E}.Release|Any CPU.ActiveCfg = Release|Any CPU
		{61FAA3B0-F8AF-4AF9-809C-AE07BA9B221E}.Release|Any CPU.Build.0 = Release|Any CPU
	EndGlobalSection
	GlobalSection(NestedProjects) = preSolution
		{7A6E200A-98E0-4A85-83DD-B20BD7453C0E} = {05FD2367-B4E1-499A-B108-A8247616AB8C}
		{2542B94A-3A37-40EF-8DCC-D55813E879D2} = {848AAEF8-1146-436A-BE24-95D2E632A74B}
		{A62C4C81-D790-45DA-BF7F-D885AB64E5DE} = {05FD2367-B4E1-499A-B108-A8247616AB8C}
		{22D8A83F-5DEF-48DA-B0C2-BFC059A0A05B} = {05FD2367-B4E1-499A-B108-A8247616AB8C}
		{17A6CBF2-A151-49F2-A2E0-50D0FE007D55} = {05FD2367-B4E1-499A-B108-A8247616AB8C}
		{F560665D-9E41-4D70-93EB-F482E8509FE8} = {05FD2367-B4E1-499A-B108-A8247616AB8C}
		{61FAA3B0-F8AF-4AF9-809C-AE07BA9B221E} = {05FD2367-B4E1-499A-B108-A8247616AB8C}
	EndGlobalSection
EndGlobal
